// !$*UTF8*$!
{
	archiveVersion = 1;
	classes = {
	};
	objectVersion = 50;
	objects = {

/* Begin PBXBuildFile section */
		824E1B5A23C777900081B414 /* AppDelegate.swift in Sources */ = {isa = PBXBuildFile; fileRef = 824E1B5923C777900081B414 /* AppDelegate.swift */; };
		824E1B5C23C777900081B414 /* SceneDelegate.swift in Sources */ = {isa = PBXBuildFile; fileRef = 824E1B5B23C777900081B414 /* SceneDelegate.swift */; };
		824E1B6323C777900081B414 /* Main.storyboard in Resources */ = {isa = PBXBuildFile; fileRef = 824E1B6123C777900081B414 /* Main.storyboard */; };
		824E1B6523C777930081B414 /* Assets.xcassets in Resources */ = {isa = PBXBuildFile; fileRef = 824E1B6423C777930081B414 /* Assets.xcassets */; };
		824E1B6823C777930081B414 /* LaunchScreen.storyboard in Resources */ = {isa = PBXBuildFile; fileRef = 824E1B6623C777930081B414 /* LaunchScreen.storyboard */; };
		824E1B7323C780F00081B414 /* calanques.swift in Sources */ = {isa = PBXBuildFile; fileRef = 824E1B7223C780F00081B414 /* calanques.swift */; };
		824E1B7523C786AE0081B414 /* CalanqueCollection.swift in Sources */ = {isa = PBXBuildFile; fileRef = 824E1B7423C786AE0081B414 /* CalanqueCollection.swift */; };
		824E1B7723C787E60081B414 /* ControllerTableView.swift in Sources */ = {isa = PBXBuildFile; fileRef = 824E1B7623C787E60081B414 /* ControllerTableView.swift */; };
		824E1B7923C787FA0081B414 /* ControllerMap.swift in Sources */ = {isa = PBXBuildFile; fileRef = 824E1B7823C787FA0081B414 /* ControllerMap.swift */; };
		824E1B7B23C7880F0081B414 /* TableViewController.swift in Sources */ = {isa = PBXBuildFile; fileRef = 824E1B7A23C7880F0081B414 /* TableViewController.swift */; };
		824E1B7D23C790D20081B414 /* CalanquesTableViewCell.swift in Sources */ = {isa = PBXBuildFile; fileRef = 824E1B7C23C790D20081B414 /* CalanquesTableViewCell.swift */; };
		824E1B7F23C797FE0081B414 /* imageRound.swift in Sources */ = {isa = PBXBuildFile; fileRef = 824E1B7E23C797FE0081B414 /* imageRound.swift */; };
		824E1B8123C7A49C0081B414 /* CalanqueViewCellAlternative.swift in Sources */ = {isa = PBXBuildFile; fileRef = 824E1B8023C7A49C0081B414 /* CalanqueViewCellAlternative.swift */; };
		824E1B8323C7BA710081B414 /* DetailsViewController.swift in Sources */ = {isa = PBXBuildFile; fileRef = 824E1B8223C7BA710081B414 /* DetailsViewController.swift */; };
/* End PBXBuildFile section */

/* Begin PBXFileReference section */
		824E1B5623C777900081B414 /* Les calanques.app */ = {isa = PBXFileReference; explicitFileType = wrapper.application; includeInIndex = 0; path = "Les calanques.app"; sourceTree = BUILT_PRODUCTS_DIR; };
		824E1B5923C777900081B414 /* AppDelegate.swift */ = {isa = PBXFileReference; lastKnownFileType = sourcecode.swift; path = AppDelegate.swift; sourceTree = "<group>"; };
		824E1B5B23C777900081B414 /* SceneDelegate.swift */ = {isa = PBXFileReference; lastKnownFileType = sourcecode.swift; path = SceneDelegate.swift; sourceTree = "<group>"; };
		824E1B6223C777900081B414 /* Base */ = {isa = PBXFileReference; lastKnownFileType = file.storyboard; name = Base; path = Base.lproj/Main.storyboard; sourceTree = "<group>"; };
		824E1B6423C777930081B414 /* Assets.xcassets */ = {isa = PBXFileReference; lastKnownFileType = folder.assetcatalog; path = Assets.xcassets; sourceTree = "<group>"; };
		824E1B6723C777930081B414 /* Base */ = {isa = PBXFileReference; lastKnownFileType = file.storyboard; name = Base; path = Base.lproj/LaunchScreen.storyboard; sourceTree = "<group>"; };
		824E1B6923C777930081B414 /* Info.plist */ = {isa = PBXFileReference; lastKnownFileType = text.plist.xml; path = Info.plist; sourceTree = "<group>"; };
		824E1B7223C780F00081B414 /* calanques.swift */ = {isa = PBXFileReference; lastKnownFileType = sourcecode.swift; path = calanques.swift; sourceTree = "<group>"; };
		824E1B7423C786AE0081B414 /* CalanqueCollection.swift */ = {isa = PBXFileReference; lastKnownFileType = sourcecode.swift; path = CalanqueCollection.swift; sourceTree = "<group>"; };
		824E1B7623C787E60081B414 /* ControllerTableView.swift */ = {isa = PBXFileReference; lastKnownFileType = sourcecode.swift; path = ControllerTableView.swift; sourceTree = "<group>"; };
		824E1B7823C787FA0081B414 /* ControllerMap.swift */ = {isa = PBXFileReference; lastKnownFileType = sourcecode.swift; path = ControllerMap.swift; sourceTree = "<group>"; };
		824E1B7A23C7880F0081B414 /* TableViewController.swift */ = {isa = PBXFileReference; lastKnownFileType = sourcecode.swift; path = TableViewController.swift; sourceTree = "<group>"; };
		824E1B7C23C790D20081B414 /* CalanquesTableViewCell.swift */ = {isa = PBXFileReference; lastKnownFileType = sourcecode.swift; path = CalanquesTableViewCell.swift; sourceTree = "<group>"; };
		824E1B7E23C797FE0081B414 /* imageRound.swift */ = {isa = PBXFileReference; lastKnownFileType = sourcecode.swift; path = imageRound.swift; sourceTree = "<group>"; };
		824E1B8023C7A49C0081B414 /* CalanqueViewCellAlternative.swift */ = {isa = PBXFileReference; lastKnownFileType = sourcecode.swift; path = CalanqueViewCellAlternative.swift; sourceTree = "<group>"; };
		824E1B8223C7BA710081B414 /* DetailsViewController.swift */ = {isa = PBXFileReference; lastKnownFileType = sourcecode.swift; path = DetailsViewController.swift; sourceTree = "<group>"; };
/* End PBXFileReference section */

/* Begin PBXFrameworksBuildPhase section */
		824E1B5323C777900081B414 /* Frameworks */ = {
			isa = PBXFrameworksBuildPhase;
			buildActionMask = 2147483647;
			files = (
			);
			runOnlyForDeploymentPostprocessing = 0;
		};
/* End PBXFrameworksBuildPhase section */

/* Begin PBXGroup section */
		824E1B4D23C777900081B414 = {
			isa = PBXGroup;
			children = (
				824E1B5823C777900081B414 /* Les calanques */,
				824E1B5723C777900081B414 /* Products */,
			);
			sourceTree = "<group>";
		};
		824E1B5723C777900081B414 /* Products */ = {
			isa = PBXGroup;
			children = (
				824E1B5623C777900081B414 /* Les calanques.app */,
			);
			name = Products;
			sourceTree = "<group>";
		};
		824E1B5823C777900081B414 /* Les calanques */ = {
			isa = PBXGroup;
			children = (
				824E1B6F23C77CAF0081B414 /* Model */,
				824E1B7023C77CB90081B414 /* View */,
				824E1B7123C77CD20081B414 /* Controller */,
				824E1B5923C777900081B414 /* AppDelegate.swift */,
				824E1B5B23C777900081B414 /* SceneDelegate.swift */,
				824E1B6123C777900081B414 /* Main.storyboard */,
				824E1B6623C777930081B414 /* LaunchScreen.storyboard */,
				824E1B6423C777930081B414 /* Assets.xcassets */,
				824E1B6923C777930081B414 /* Info.plist */,
			);
			path = "Les calanques";
			sourceTree = "<group>";
		};
		824E1B6F23C77CAF0081B414 /* Model */ = {
			isa = PBXGroup;
			children = (
				824E1B7223C780F00081B414 /* calanques.swift */,
				824E1B7423C786AE0081B414 /* CalanqueCollection.swift */,
			);
			path = Model;
			sourceTree = "<group>";
		};
		824E1B7023C77CB90081B414 /* View */ = {
			isa = PBXGroup;
			children = (
				824E1B7C23C790D20081B414 /* CalanquesTableViewCell.swift */,
				824E1B7E23C797FE0081B414 /* imageRound.swift */,
				824E1B8023C7A49C0081B414 /* CalanqueViewCellAlternative.swift */,
			);
			path = View;
			sourceTree = "<group>";
		};
		824E1B7123C77CD20081B414 /* Controller */ = {
			isa = PBXGroup;
			children = (
				824E1B7623C787E60081B414 /* ControllerTableView.swift */,
				824E1B7823C787FA0081B414 /* ControllerMap.swift */,
				824E1B7A23C7880F0081B414 /* TableViewController.swift */,
				824E1B8223C7BA710081B414 /* DetailsViewController.swift */,
			);
			path = Controller;
			sourceTree = "<group>";
		};
/* End PBXGroup section */

/* Begin PBXNativeTarget section */
		824E1B5523C777900081B414 /* Les calanques */ = {
			isa = PBXNativeTarget;
			buildConfigurationList = 824E1B6C23C777930081B414 /* Build configuration list for PBXNativeTarget "Les calanques" */;
			buildPhases = (
				824E1B5223C777900081B414 /* Sources */,
				824E1B5323C777900081B414 /* Frameworks */,
				824E1B5423C777900081B414 /* Resources */,
			);
			buildRules = (
			);
			dependencies = (
			);
			name = "Les calanques";
			productName = "Les calanques";
			productReference = 824E1B5623C777900081B414 /* Les calanques.app */;
			productType = "com.apple.product-type.application";
		};
/* End PBXNativeTarget section */

/* Begin PBXProject section */
		824E1B4E23C777900081B414 /* Project object */ = {
			isa = PBXProject;
			attributes = {
				LastSwiftUpdateCheck = 1130;
				LastUpgradeCheck = 1130;
				ORGANIZATIONNAME = Ddales;
				TargetAttributes = {
					824E1B5523C777900081B414 = {
						CreatedOnToolsVersion = 11.3;
					};
				};
			};
			buildConfigurationList = 824E1B5123C777900081B414 /* Build configuration list for PBXProject "Les calanques" */;
			compatibilityVersion = "Xcode 9.3";
			developmentRegion = en;
			hasScannedForEncodings = 0;
			knownRegions = (
				en,
				Base,
			);
			mainGroup = 824E1B4D23C777900081B414;
			productRefGroup = 824E1B5723C777900081B414 /* Products */;
			projectDirPath = "";
			projectRoot = "";
			targets = (
				824E1B5523C777900081B414 /* Les calanques */,
			);
		};
/* End PBXProject section */

/* Begin PBXResourcesBuildPhase section */
		824E1B5423C777900081B414 /* Resources */ = {
			isa = PBXResourcesBuildPhase;
			buildActionMask = 2147483647;
			files = (
				824E1B6823C777930081B414 /* LaunchScreen.storyboard in Resources */,
				824E1B6523C777930081B414 /* Assets.xcassets in Resources */,
				824E1B6323C777900081B414 /* Main.storyboard in Resources */,
			);
			runOnlyForDeploymentPostprocessing = 0;
		};
/* End PBXResourcesBuildPhase section */

/* Begin PBXSourcesBuildPhase section */
		824E1B5223C777900081B414 /* Sources */ = {
			isa = PBXSourcesBuildPhase;
			buildActionMask = 2147483647;
			files = (
				824E1B7923C787FA0081B414 /* ControllerMap.swift in Sources */,
				824E1B7B23C7880F0081B414 /* TableViewController.swift in Sources */,
				824E1B7323C780F00081B414 /* calanques.swift in Sources */,
				824E1B8323C7BA710081B414 /* DetailsViewController.swift in Sources */,
				824E1B7F23C797FE0081B414 /* imageRound.swift in Sources */,
				824E1B7723C787E60081B414 /* ControllerTableView.swift in Sources */,
				824E1B5A23C777900081B414 /* AppDelegate.swift in Sources */,
				824E1B5C23C777900081B414 /* SceneDelegate.swift in Sources */,
				824E1B7523C786AE0081B414 /* CalanqueCollection.swift in Sources */,
				824E1B8123C7A49C0081B414 /* CalanqueViewCellAlternative.swift in Sources */,
				824E1B7D23C790D20081B414 /* CalanquesTableViewCell.swift in Sources */,
			);
			runOnlyForDeploymentPostprocessing = 0;
		};
/* End PBXSourcesBuildPhase section */

/* Begin PBXVariantGroup section */
		824E1B6123C777900081B414 /* Main.storyboard */ = {
			isa = PBXVariantGroup;
			children = (
				824E1B6223C777900081B414 /* Base */,
			);
			name = Main.storyboard;
			sourceTree = "<group>";
		};
		824E1B6623C777930081B414 /* LaunchScreen.storyboard */ = {
			isa = PBXVariantGroup;
			children = (
				824E1B6723C777930081B414 /* Base */,
			);
			name = LaunchScreen.storyboard;
			sourceTree = "<group>";
		};
/* End PBXVariantGroup section */

/* Begin XCBuildConfiguration section */
		824E1B6A23C777930081B414 /* Debug */ = {
			isa = XCBuildConfiguration;
			buildSettings = {
				ALWAYS_SEARCH_USER_PATHS = NO;
				CLANG_ANALYZER_NONNULL = YES;
				CLANG_ANALYZER_NUMBER_OBJECT_CONVERSION = YES_AGGRESSIVE;
				CLANG_CXX_LANGUAGE_STANDARD = "gnu++14";
				CLANG_CXX_LIBRARY = "libc++";
				CLANG_ENABLE_MODULES = YES;
				CLANG_ENABLE_OBJC_ARC = YES;
				CLANG_ENABLE_OBJC_WEAK = YES;
				CLANG_WARN_BLOCK_CAPTURE_AUTORELEASING = YES;
				CLANG_WARN_BOOL_CONVERSION = YES;
				CLANG_WARN_COMMA = YES;
				CLANG_WARN_CONSTANT_CONVERSION = YES;
				CLANG_WARN_DEPRECATED_OBJC_IMPLEMENTATIONS = YES;
				CLANG_WARN_DIRECT_OBJC_ISA_USAGE = YES_ERROR;
				CLANG_WARN_DOCUMENTATION_COMMENTS = YES;
				CLANG_WARN_EMPTY_BODY = YES;
				CLANG_WARN_ENUM_CONVERSION = YES;
				CLANG_WARN_INFINITE_RECURSION = YES;
				CLANG_WARN_INT_CONVERSION = YES;
				CLANG_WARN_NON_LITERAL_NULL_CONVERSION = YES;
				CLANG_WARN_OBJC_IMPLICIT_RETAIN_SELF = YES;
				CLANG_WARN_OBJC_LITERAL_CONVERSION = YES;
				CLANG_WARN_OBJC_ROOT_CLASS = YES_ERROR;
				CLANG_WARN_RANGE_LOOP_ANALYSIS = YES;
				CLANG_WARN_STRICT_PROTOTYPES = YES;
				CLANG_WARN_SUSPICIOUS_MOVE = YES;
				CLANG_WARN_UNGUARDED_AVAILABILITY = YES_AGGRESSIVE;
				CLANG_WARN_UNREACHABLE_CODE = YES;
				CLANG_WARN__DUPLICATE_METHOD_MATCH = YES;
				COPY_PHASE_STRIP = NO;
				DEBUG_INFORMATION_FORMAT = dwarf;
				ENABLE_STRICT_OBJC_MSGSEND = YES;
				ENABLE_TESTABILITY = YES;
				GCC_C_LANGUAGE_STANDARD = gnu11;
				GCC_DYNAMIC_NO_PIC = NO;
				GCC_NO_COMMON_BLOCKS = YES;
				GCC_OPTIMIZATION_LEVEL = 0;
				GCC_PREPROCESSOR_DEFINITIONS = (
					"DEBUG=1",
					"$(inherited)",
				);
				GCC_WARN_64_TO_32_BIT_CONVERSION = YES;
				GCC_WARN_ABOUT_RETURN_TYPE = YES_ERROR;
				GCC_WARN_UNDECLARED_SELECTOR = YES;
				GCC_WARN_UNINITIALIZED_AUTOS = YES_AGGRESSIVE;
				GCC_WARN_UNUSED_FUNCTION = YES;
				GCC_WARN_UNUSED_VARIABLE = YES;
				IPHONEOS_DEPLOYMENT_TARGET = 13.2;
				MTL_ENABLE_DEBUG_INFO = INCLUDE_SOURCE;
				MTL_FAST_MATH = YES;
				ONLY_ACTIVE_ARCH = YES;
				SDKROOT = iphoneos;
				SWIFT_ACTIVE_COMPILATION_CONDITIONS = DEBUG;
				SWIFT_OPTIMIZATION_LEVEL = "-Onone";
			};
			name = Debug;
		};
		824E1B6B23C777930081B414 /* Release */ = {
			isa = XCBuildConfiguration;
			buildSettings = {
				ALWAYS_SEARCH_USER_PATHS = NO;
				CLANG_ANALYZER_NONNULL = YES;
				CLANG_ANALYZER_NUMBER_OBJECT_CONVERSION = YES_AGGRESSIVE;
				CLANG_CXX_LANGUAGE_STANDARD = "gnu++14";
				CLANG_CXX_LIBRARY = "libc++";
				CLANG_ENABLE_MODULES = YES;
				CLANG_ENABLE_OBJC_ARC = YES;
				CLANG_ENABLE_OBJC_WEAK = YES;
				CLANG_WARN_BLOCK_CAPTURE_AUTORELEASING = YES;
				CLANG_WARN_BOOL_CONVERSION = YES;
				CLANG_WARN_COMMA = YES;
				CLANG_WARN_CONSTANT_CONVERSION = YES;
				CLANG_WARN_DEPRECATED_OBJC_IMPLEMENTATIONS = YES;
				CLANG_WARN_DIRECT_OBJC_ISA_USAGE = YES_ERROR;
				CLANG_WARN_DOCUMENTATION_COMMENTS = YES;
				CLANG_WARN_EMPTY_BODY = YES;
				CLANG_WARN_ENUM_CONVERSION = YES;
				CLANG_WARN_INFINITE_RECURSION = YES;
				CLANG_WARN_INT_CONVERSION = YES;
				CLANG_WARN_NON_LITERAL_NULL_CONVERSION = YES;
				CLANG_WARN_OBJC_IMPLICIT_RETAIN_SELF = YES;
				CLANG_WARN_OBJC_LITERAL_CONVERSION = YES;
				CLANG_WARN_OBJC_ROOT_CLASS = YES_ERROR;
				CLANG_WARN_RANGE_LOOP_ANALYSIS = YES;
				CLANG_WARN_STRICT_PROTOTYPES = YES;
				CLANG_WARN_SUSPICIOUS_MOVE = YES;
				CLANG_WARN_UNGUARDED_AVAILABILITY = YES_AGGRESSIVE;
				CLANG_WARN_UNREACHABLE_CODE = YES;
				CLANG_WARN__DUPLICATE_METHOD_MATCH = YES;
				COPY_PHASE_STRIP = NO;
				DEBUG_INFORMATION_FORMAT = "dwarf-with-dsym";
				ENABLE_NS_ASSERTIONS = NO;
				ENABLE_STRICT_OBJC_MSGSEND = YES;
				GCC_C_LANGUAGE_STANDARD = gnu11;
				GCC_NO_COMMON_BLOCKS = YES;
				GCC_WARN_64_TO_32_BIT_CONVERSION = YES;
				GCC_WARN_ABOUT_RETURN_TYPE = YES_ERROR;
				GCC_WARN_UNDECLARED_SELECTOR = YES;
				GCC_WARN_UNINITIALIZED_AUTOS = YES_AGGRESSIVE;
				GCC_WARN_UNUSED_FUNCTION = YES;
				GCC_WARN_UNUSED_VARIABLE = YES;
				IPHONEOS_DEPLOYMENT_TARGET = 13.2;
				MTL_ENABLE_DEBUG_INFO = NO;
				MTL_FAST_MATH = YES;
				SDKROOT = iphoneos;
				SWIFT_COMPILATION_MODE = wholemodule;
				SWIFT_OPTIMIZATION_LEVEL = "-O";
				VALIDATE_PRODUCT = YES;
			};
			name = Release;
		};
		824E1B6D23C777930081B414 /* Debug */ = {
			isa = XCBuildConfiguration;
			buildSettings = {
				ASSETCATALOG_COMPILER_APPICON_NAME = AppIcon;
				CODE_SIGN_STYLE = Automatic;
				DEVELOPMENT_TEAM = TRW2A6247U;
				INFOPLIST_FILE = "Les calanques/Info.plist";
				LD_RUNPATH_SEARCH_PATHS = (
					"$(inherited)",
					"@executable_path/Frameworks",
				);
				PRODUCT_BUNDLE_IDENTIFIER = "cm.Les-calanques";
				PRODUCT_NAME = "$(TARGET_NAME)";
				SWIFT_VERSION = 5.0;
				TARGETED_DEVICE_FAMILY = "1,2";
			};
			name = Debug;
		};
		824E1B6E23C777930081B414 /* Release */ = {
			isa = XCBuildConfiguration;
			buildSettings = {
				ASSETCATALOG_COMPILER_APPICON_NAME = AppIcon;
				CODE_SIGN_STYLE = Automatic;
				DEVELOPMENT_TEAM = TRW2A6247U;
				INFOPLIST_FILE = "Les calanques/Info.plist";
				LD_RUNPATH_SEARCH_PATHS = (
					"$(inherited)",
					"@executable_path/Frameworks",
				);
				PRODUCT_BUNDLE_IDENTIFIER = "cm.Les-calanques";
				PRODUCT_NAME = "$(TARGET_NAME)";
				SWIFT_VERSION = 5.0;
				TARGETED_DEVICE_FAMILY = "1,2";
			};
			name = Release;
		};
/* End XCBuildConfiguration section */

/* Begin XCConfigurationList section */
		824E1B5123C777900081B414 /* Build configuration list for PBXProject "Les calanques" */ = {
			isa = XCConfigurationList;
			buildConfigurations = (
				824E1B6A23C777930081B414 /* Debug */,
				824E1B6B23C777930081B414 /* Release */,
			);
			defaultConfigurationIsVisible = 0;
			defaultConfigurationName = Release;
		};
		824E1B6C23C777930081B414 /* Build configuration list for PBXNativeTarget "Les calanques" */ = {
			isa = XCConfigurationList;
			buildConfigurations = (
				824E1B6D23C777930081B414 /* Debug */,
				824E1B6E23C777930081B414 /* Release */,
			);
			defaultConfigurationIsVisible = 0;
			defaultConfigurationName = Release;
		};
/* End XCConfigurationList section */
	};
	rootObject = 824E1B4E23C777900081B414 /* Project object */;
}
